// !$*UTF8*$!
{
	archiveVersion = 1;
	classes = {
	};
	objectVersion = 50;
	objects = {

/* Begin PBXBuildFile section */
		0403418F247168120093ABBE /* UDLivePlayer.mm in Sources */ = {isa = PBXBuildFile; fileRef = 0403418C247168110093ABBE /* UDLivePlayer.mm */; };
		040341A02471686A0093ABBE /* GameController.framework in Frameworks */ = {isa = PBXBuildFile; fileRef = 0403419F2471686A0093ABBE /* GameController.framework */; };
		040341A2247168720093ABBE /* AudioToolbox.framework in Frameworks */ = {isa = PBXBuildFile; fileRef = 040341A1247168720093ABBE /* AudioToolbox.framework */; };
		040341A42471687A0093ABBE /* VideoToolbox.framework in Frameworks */ = {isa = PBXBuildFile; fileRef = 040341A32471687A0093ABBE /* VideoToolbox.framework */; };
		040341A6247168840093ABBE /* CoreMedia.framework in Frameworks */ = {isa = PBXBuildFile; fileRef = 040341A5247168840093ABBE /* CoreMedia.framework */; };
		040341A82471688C0093ABBE /* AVFoundation.framework in Frameworks */ = {isa = PBXBuildFile; fileRef = 040341A72471688C0093ABBE /* AVFoundation.framework */; };
		040341AA247168980093ABBE /* libiconv.tbd in Frameworks */ = {isa = PBXBuildFile; fileRef = 040341A9247168980093ABBE /* libiconv.tbd */; };
		040341AC247168A30093ABBE /* libicucore.tbd in Frameworks */ = {isa = PBXBuildFile; fileRef = 040341AB247168A20093ABBE /* libicucore.tbd */; };
		040341AE247168AC0093ABBE /* libz.tbd in Frameworks */ = {isa = PBXBuildFile; fileRef = 040341AD247168AC0093ABBE /* libz.tbd */; };
		040341B0247168BA0093ABBE /* libc++.tbd in Frameworks */ = {isa = PBXBuildFile; fileRef = 040341AF247168BA0093ABBE /* libc++.tbd */; };
		040341C524716BED0093ABBE /* UDDemuxerFrame.m in Sources */ = {isa = PBXBuildFile; fileRef = 040341BB24716BED0093ABBE /* UDDemuxerFrame.m */; };
		040341C724716BED0093ABBE /* UDConfigFrameExtra.m in Sources */ = {isa = PBXBuildFile; fileRef = 040341BF24716BED0093ABBE /* UDConfigFrameExtra.m */; };
		040341C824716BED0093ABBE /* UDZLDemuxerFrame.mm in Sources */ = {isa = PBXBuildFile; fileRef = 040341C124716BED0093ABBE /* UDZLDemuxerFrame.mm */; };
		040341C924716BED0093ABBE /* UDRenderFrame.mm in Sources */ = {isa = PBXBuildFile; fileRef = 040341C224716BED0093ABBE /* UDRenderFrame.mm */; };
		040341D624716C570093ABBE /* GLView.mm in Sources */ = {isa = PBXBuildFile; fileRef = 040341D124716C570093ABBE /* GLView.mm */; };
		040341D724716C570093ABBE /* UDRenderView.mm in Sources */ = {isa = PBXBuildFile; fileRef = 040341D224716C570093ABBE /* UDRenderView.mm */; };
		040341E024716C740093ABBE /* MediaDecoder.mm in Sources */ = {isa = PBXBuildFile; fileRef = 040341DD24716C740093ABBE /* MediaDecoder.mm */; };
		040341E124716C740093ABBE /* UDVideoDecoder.mm in Sources */ = {isa = PBXBuildFile; fileRef = 040341DF24716C740093ABBE /* UDVideoDecoder.mm */; };
		040341E824716C7D0093ABBE /* UDRTXPDemuxer.mm in Sources */ = {isa = PBXBuildFile; fileRef = 040341E524716C7D0093ABBE /* UDRTXPDemuxer.mm */; };
		040341F024716CEC0093ABBE /* UDLivePlayer.h in CopyFiles */ = {isa = PBXBuildFile; fileRef = 0403418E247168110093ABBE /* UDLivePlayer.h */; };
		0403423F2471726B0093ABBE /* UDZLDemuxer.mm in Sources */ = {isa = PBXBuildFile; fileRef = 0403423E2471726B0093ABBE /* UDZLDemuxer.mm */; };
		040342412471744C0093ABBE /* UDUtils.mm in Sources */ = {isa = PBXBuildFile; fileRef = 040342402471744C0093ABBE /* UDUtils.mm */; };
		0444CDE424742933008A3F01 /* CoreGraphics.framework in Frameworks */ = {isa = PBXBuildFile; fileRef = 0444CDE324742933008A3F01 /* CoreGraphics.framework */; };
		0444CDE624742942008A3F01 /* Foundation.framework in Frameworks */ = {isa = PBXBuildFile; fileRef = 0444CDE524742942008A3F01 /* Foundation.framework */; };
		0444CE0E2474CCE2008A3F01 /* UDGCDTimer.m in Sources */ = {isa = PBXBuildFile; fileRef = 0444CE0D2474CCE2008A3F01 /* UDGCDTimer.m */; };
		045B445C2475910600B0FD1E /* UDPlayerItem.m in Sources */ = {isa = PBXBuildFile; fileRef = 045B445B2475910600B0FD1E /* UDPlayerItem.m */; };
		04E12906247A1DDD000C5F60 /* AppDelegate.m in Sources */ = {isa = PBXBuildFile; fileRef = 04E12905247A1DDD000C5F60 /* AppDelegate.m */; };
		04E12909247A1DDD000C5F60 /* SceneDelegate.m in Sources */ = {isa = PBXBuildFile; fileRef = 04E12908247A1DDD000C5F60 /* SceneDelegate.m */; };
		04E1290C247A1DDD000C5F60 /* ViewController.m in Sources */ = {isa = PBXBuildFile; fileRef = 04E1290B247A1DDD000C5F60 /* ViewController.m */; };
		04E1290F247A1DDD000C5F60 /* Main.storyboard in Resources */ = {isa = PBXBuildFile; fileRef = 04E1290D247A1DDD000C5F60 /* Main.storyboard */; };
		04E12911247A1DDF000C5F60 /* Assets.xcassets in Resources */ = {isa = PBXBuildFile; fileRef = 04E12910247A1DDF000C5F60 /* Assets.xcassets */; };
		04E12914247A1DDF000C5F60 /* LaunchScreen.storyboard in Resources */ = {isa = PBXBuildFile; fileRef = 04E12912247A1DDF000C5F60 /* LaunchScreen.storyboard */; };
		04E12917247A1DDF000C5F60 /* main.m in Sources */ = {isa = PBXBuildFile; fileRef = 04E12916247A1DDF000C5F60 /* main.m */; };
		04E12921247A1DDF000C5F60 /* UDPlayerExampleTests.m in Sources */ = {isa = PBXBuildFile; fileRef = 04E12920247A1DDF000C5F60 /* UDPlayerExampleTests.m */; };
		04E1292C247A1DDF000C5F60 /* UDPlayerExampleUITests.m in Sources */ = {isa = PBXBuildFile; fileRef = 04E1292B247A1DDF000C5F60 /* UDPlayerExampleUITests.m */; };
		04E12937247A1E3B000C5F60 /* libUDPlayer.a in Frameworks */ = {isa = PBXBuildFile; fileRef = 04034179247167640093ABBE /* libUDPlayer.a */; };
		04E1293A247A2091000C5F60 /* VC_player.mm in Sources */ = {isa = PBXBuildFile; fileRef = 04E12939247A2091000C5F60 /* VC_player.mm */; };
		74BD905024854A06007B19A7 /* UDVLCPlayer.m in Sources */ = {isa = PBXBuildFile; fileRef = 74BD904D24854A06007B19A7 /* UDVLCPlayer.m */; };
		74BD905124854A06007B19A7 /* UDPlayer.mm in Sources */ = {isa = PBXBuildFile; fileRef = 74BD904F24854A06007B19A7 /* UDPlayer.mm */; };
		74BD907F2485F45B007B19A7 /* VideoToolbox.framework in Frameworks */ = {isa = PBXBuildFile; fileRef = 74BD907E2485F45B007B19A7 /* VideoToolbox.framework */; };
		74BD90812485F461007B19A7 /* CoreMedia.framework in Frameworks */ = {isa = PBXBuildFile; fileRef = 74BD90802485F461007B19A7 /* CoreMedia.framework */; };
		74BD90832485F475007B19A7 /* AudioToolbox.framework in Frameworks */ = {isa = PBXBuildFile; fileRef = 74BD90822485F474007B19A7 /* AudioToolbox.framework */; };
		74BD90852485F488007B19A7 /* AVFoundation.framework in Frameworks */ = {isa = PBXBuildFile; fileRef = 74BD90842485F488007B19A7 /* AVFoundation.framework */; };
		74CB63BC2487CDBD004D3C14 /* libmpeg.a in Frameworks */ = {isa = PBXBuildFile; fileRef = 74CB63B52487CDBC004D3C14 /* libmpeg.a */; };
		74CB63BD2487CDBD004D3C14 /* libflv.a in Frameworks */ = {isa = PBXBuildFile; fileRef = 74CB63B62487CDBC004D3C14 /* libflv.a */; };
		74CB63BE2487CDBD004D3C14 /* libzltoolkit.a in Frameworks */ = {isa = PBXBuildFile; fileRef = 74CB63B72487CDBC004D3C14 /* libzltoolkit.a */; };
		74CB63BF2487CDBD004D3C14 /* librtp.a in Frameworks */ = {isa = PBXBuildFile; fileRef = 74CB63B82487CDBD004D3C14 /* librtp.a */; };
		74CB63C02487CDBD004D3C14 /* libmov.a in Frameworks */ = {isa = PBXBuildFile; fileRef = 74CB63B92487CDBD004D3C14 /* libmov.a */; };
		74CB63C12487CDBD004D3C14 /* libmk_api.a in Frameworks */ = {isa = PBXBuildFile; fileRef = 74CB63BA2487CDBD004D3C14 /* libmk_api.a */; };
		74CB63C22487CDBD004D3C14 /* libzlmediakit.a in Frameworks */ = {isa = PBXBuildFile; fileRef = 74CB63BB2487CDBD004D3C14 /* libzlmediakit.a */; };
		74CD8A492712E19500B504B8 /* UDZLAudioDemuxerFrame.mm in Sources */ = {isa = PBXBuildFile; fileRef = 74CD8A482712E19500B504B8 /* UDZLAudioDemuxerFrame.mm */; };
		74CD8A582712EB6200B504B8 /* UDThreadSafeMutableArray.m in Sources */ = {isa = PBXBuildFile; fileRef = 74CD8A572712EB6200B504B8 /* UDThreadSafeMutableArray.m */; };
		74CD8A6F2712FBC100B504B8 /* libfaad.a in Frameworks */ = {isa = PBXBuildFile; fileRef = 74CD8A6D2712FBC100B504B8 /* libfaad.a */; };
		74CD8A702712FBC100B504B8 /* libmp4ff.a in Frameworks */ = {isa = PBXBuildFile; fileRef = 74CD8A6E2712FBC100B504B8 /* libmp4ff.a */; };
		74CD8A772713D28100B504B8 /* UDAudioDecoder.m in Sources */ = {isa = PBXBuildFile; fileRef = 74CD8A752713D28100B504B8 /* UDAudioDecoder.m */; };
		74CD8A862713EDAB00B504B8 /* FAACDecoder.mm in Sources */ = {isa = PBXBuildFile; fileRef = 74CD8A852713EDAB00B504B8 /* FAACDecoder.mm */; };
		74E7CB4E270D9B5F00627460 /* UDAudioPlayer.mm in Sources */ = {isa = PBXBuildFile; fileRef = 74E7CAE2270D9B5F00627460 /* UDAudioPlayer.mm */; };
		74E7CB4F270D9B5F00627460 /* AudioDec.cpp in Sources */ = {isa = PBXBuildFile; fileRef = 74E7CAE5270D9B5F00627460 /* AudioDec.cpp */; };
/* End PBXBuildFile section */

/* Begin PBXContainerItemProxy section */
		04E1291D247A1DDF000C5F60 /* PBXContainerItemProxy */ = {
			isa = PBXContainerItemProxy;
			containerPortal = 04034171247167640093ABBE /* Project object */;
			proxyType = 1;
			remoteGlobalIDString = 04E12901247A1DDD000C5F60;
			remoteInfo = UDPlayerExample;
		};
		04E12928247A1DDF000C5F60 /* PBXContainerItemProxy */ = {
			isa = PBXContainerItemProxy;
			containerPortal = 04034171247167640093ABBE /* Project object */;
			proxyType = 1;
			remoteGlobalIDString = 04E12901247A1DDD000C5F60;
			remoteInfo = UDPlayerExample;
		};
/* End PBXContainerItemProxy section */

/* Begin PBXCopyFilesBuildPhase section */
		04034177247167640093ABBE /* CopyFiles */ = {
			isa = PBXCopyFilesBuildPhase;
			buildActionMask = 2147483647;
			dstPath = "include/$(PRODUCT_NAME)";
			dstSubfolderSpec = 16;
			files = (
				040341F024716CEC0093ABBE /* UDLivePlayer.h in CopyFiles */,
			);
			runOnlyForDeploymentPostprocessing = 0;
		};
/* End PBXCopyFilesBuildPhase section */

/* Begin PBXFileReference section */
		039921A92913567A001F05A0 /* UDRenderShader.h */ = {isa = PBXFileReference; lastKnownFileType = sourcecode.c.h; path = UDRenderShader.h; sourceTree = "<group>"; };
		04034179247167640093ABBE /* libUDPlayer.a */ = {isa = PBXFileReference; explicitFileType = archive.ar; includeInIndex = 0; path = libUDPlayer.a; sourceTree = BUILT_PRODUCTS_DIR; };
		0403418C247168110093ABBE /* UDLivePlayer.mm */ = {isa = PBXFileReference; fileEncoding = 4; lastKnownFileType = sourcecode.cpp.objcpp; path = UDLivePlayer.mm; sourceTree = "<group>"; };
		0403418E247168110093ABBE /* UDLivePlayer.h */ = {isa = PBXFileReference; fileEncoding = 4; lastKnownFileType = sourcecode.c.h; path = UDLivePlayer.h; sourceTree = "<group>"; };
		0403419F2471686A0093ABBE /* GameController.framework */ = {isa = PBXFileReference; lastKnownFileType = wrapper.framework; name = GameController.framework; path = Platforms/MacOSX.platform/Developer/SDKs/MacOSX10.15.sdk/System/Library/Frameworks/GameController.framework; sourceTree = DEVELOPER_DIR; };
		040341A1247168720093ABBE /* AudioToolbox.framework */ = {isa = PBXFileReference; lastKnownFileType = wrapper.framework; name = AudioToolbox.framework; path = Platforms/MacOSX.platform/Developer/SDKs/MacOSX10.15.sdk/System/Library/Frameworks/AudioToolbox.framework; sourceTree = DEVELOPER_DIR; };
		040341A32471687A0093ABBE /* VideoToolbox.framework */ = {isa = PBXFileReference; lastKnownFileType = wrapper.framework; name = VideoToolbox.framework; path = Platforms/MacOSX.platform/Developer/SDKs/MacOSX10.15.sdk/System/Library/Frameworks/VideoToolbox.framework; sourceTree = DEVELOPER_DIR; };
		040341A5247168840093ABBE /* CoreMedia.framework */ = {isa = PBXFileReference; lastKnownFileType = wrapper.framework; name = CoreMedia.framework; path = Platforms/MacOSX.platform/Developer/SDKs/MacOSX10.15.sdk/System/Library/Frameworks/CoreMedia.framework; sourceTree = DEVELOPER_DIR; };
		040341A72471688C0093ABBE /* AVFoundation.framework */ = {isa = PBXFileReference; lastKnownFileType = wrapper.framework; name = AVFoundation.framework; path = Platforms/MacOSX.platform/Developer/SDKs/MacOSX10.15.sdk/System/Library/Frameworks/AVFoundation.framework; sourceTree = DEVELOPER_DIR; };
		040341A9247168980093ABBE /* libiconv.tbd */ = {isa = PBXFileReference; lastKnownFileType = "sourcecode.text-based-dylib-definition"; name = libiconv.tbd; path = Platforms/MacOSX.platform/Developer/SDKs/MacOSX10.15.sdk/usr/lib/libiconv.tbd; sourceTree = DEVELOPER_DIR; };
		040341AB247168A20093ABBE /* libicucore.tbd */ = {isa = PBXFileReference; lastKnownFileType = "sourcecode.text-based-dylib-definition"; name = libicucore.tbd; path = Platforms/MacOSX.platform/Developer/SDKs/MacOSX10.15.sdk/usr/lib/libicucore.tbd; sourceTree = DEVELOPER_DIR; };
		040341AD247168AC0093ABBE /* libz.tbd */ = {isa = PBXFileReference; lastKnownFileType = "sourcecode.text-based-dylib-definition"; name = libz.tbd; path = Platforms/MacOSX.platform/Developer/SDKs/MacOSX10.15.sdk/usr/lib/libz.tbd; sourceTree = DEVELOPER_DIR; };
		040341AF247168BA0093ABBE /* libc++.tbd */ = {isa = PBXFileReference; lastKnownFileType = "sourcecode.text-based-dylib-definition"; name = "libc++.tbd"; path = "Platforms/MacOSX.platform/Developer/SDKs/MacOSX10.15.sdk/usr/lib/libc++.tbd"; sourceTree = DEVELOPER_DIR; };
		040341BB24716BED0093ABBE /* UDDemuxerFrame.m */ = {isa = PBXFileReference; fileEncoding = 4; lastKnownFileType = sourcecode.c.objc; name = UDDemuxerFrame.m; path = UDCommon/UDDemuxerFrame.m; sourceTree = "<group>"; };
		040341BC24716BED0093ABBE /* UDZLDemuxerFrame.h */ = {isa = PBXFileReference; fileEncoding = 4; lastKnownFileType = sourcecode.c.h; name = UDZLDemuxerFrame.h; path = UDCommon/UDZLDemuxerFrame.h; sourceTree = "<group>"; };
		040341BE24716BED0093ABBE /* UDRenderFrame.h */ = {isa = PBXFileReference; fileEncoding = 4; lastKnownFileType = sourcecode.c.h; name = UDRenderFrame.h; path = UDCommon/UDRenderFrame.h; sourceTree = "<group>"; };
		040341BF24716BED0093ABBE /* UDConfigFrameExtra.m */ = {isa = PBXFileReference; fileEncoding = 4; lastKnownFileType = sourcecode.c.objc; name = UDConfigFrameExtra.m; path = UDCommon/UDConfigFrameExtra.m; sourceTree = "<group>"; };
		040341C124716BED0093ABBE /* UDZLDemuxerFrame.mm */ = {isa = PBXFileReference; fileEncoding = 4; lastKnownFileType = sourcecode.cpp.objcpp; name = UDZLDemuxerFrame.mm; path = UDCommon/UDZLDemuxerFrame.mm; sourceTree = "<group>"; };
		040341C224716BED0093ABBE /* UDRenderFrame.mm */ = {isa = PBXFileReference; fileEncoding = 4; lastKnownFileType = sourcecode.cpp.objcpp; name = UDRenderFrame.mm; path = UDCommon/UDRenderFrame.mm; sourceTree = "<group>"; };
		040341C324716BED0093ABBE /* UDDemuxerFrame.h */ = {isa = PBXFileReference; fileEncoding = 4; lastKnownFileType = sourcecode.c.h; name = UDDemuxerFrame.h; path = UDCommon/UDDemuxerFrame.h; sourceTree = "<group>"; };
		040341C424716BED0093ABBE /* UDConfigFrameExtra.h */ = {isa = PBXFileReference; fileEncoding = 4; lastKnownFileType = sourcecode.c.h; name = UDConfigFrameExtra.h; path = UDCommon/UDConfigFrameExtra.h; sourceTree = "<group>"; };
		040341D024716C570093ABBE /* UDRenderView.h */ = {isa = PBXFileReference; fileEncoding = 4; lastKnownFileType = sourcecode.c.h; name = UDRenderView.h; path = UDRenderView/UDRenderView.h; sourceTree = "<group>"; };
		040341D124716C570093ABBE /* GLView.mm */ = {isa = PBXFileReference; fileEncoding = 4; lastKnownFileType = sourcecode.cpp.objcpp; name = GLView.mm; path = UDRenderView/GLView.mm; sourceTree = "<group>"; };
		040341D224716C570093ABBE /* UDRenderView.mm */ = {isa = PBXFileReference; fileEncoding = 4; lastKnownFileType = sourcecode.cpp.objcpp; name = UDRenderView.mm; path = UDRenderView/UDRenderView.mm; sourceTree = "<group>"; };
		040341D324716C570093ABBE /* GLView.h */ = {isa = PBXFileReference; fileEncoding = 4; lastKnownFileType = sourcecode.c.h; name = GLView.h; path = UDRenderView/GLView.h; sourceTree = "<group>"; };
		040341D424716C570093ABBE /* IUDRenderView.h */ = {isa = PBXFileReference; fileEncoding = 4; lastKnownFileType = sourcecode.c.h; name = IUDRenderView.h; path = UDRenderView/IUDRenderView.h; sourceTree = "<group>"; };
		040341D924716C6A0093ABBE /* UDUtils.h */ = {isa = PBXFileReference; fileEncoding = 4; lastKnownFileType = sourcecode.c.h; name = UDUtils.h; path = UDUtils/UDUtils.h; sourceTree = "<group>"; };
		040341DB24716C740093ABBE /* IUDVideoDecoder.h */ = {isa = PBXFileReference; fileEncoding = 4; lastKnownFileType = sourcecode.c.h; name = IUDVideoDecoder.h; path = UDDecode/IUDVideoDecoder.h; sourceTree = "<group>"; };
		040341DC24716C740093ABBE /* UDVideoDecoder.h */ = {isa = PBXFileReference; fileEncoding = 4; lastKnownFileType = sourcecode.c.h; name = UDVideoDecoder.h; path = UDDecode/UDVideoDecoder.h; sourceTree = "<group>"; };
		040341DD24716C740093ABBE /* MediaDecoder.mm */ = {isa = PBXFileReference; fileEncoding = 4; lastKnownFileType = sourcecode.cpp.objcpp; name = MediaDecoder.mm; path = UDDecode/MediaDecoder.mm; sourceTree = "<group>"; };
		040341DE24716C740093ABBE /* MediaDecoder.h */ = {isa = PBXFileReference; fileEncoding = 4; lastKnownFileType = sourcecode.c.h; name = MediaDecoder.h; path = UDDecode/MediaDecoder.h; sourceTree = "<group>"; };
		040341DF24716C740093ABBE /* UDVideoDecoder.mm */ = {isa = PBXFileReference; fileEncoding = 4; lastKnownFileType = sourcecode.cpp.objcpp; name = UDVideoDecoder.mm; path = UDDecode/UDVideoDecoder.mm; sourceTree = "<group>"; };
		040341E224716C7D0093ABBE /* UDZLDemuxer.h */ = {isa = PBXFileReference; fileEncoding = 4; lastKnownFileType = sourcecode.c.h; name = UDZLDemuxer.h; path = UDDemuxer/UDZLDemuxer.h; sourceTree = "<group>"; };
		040341E424716C7D0093ABBE /* IUDDemuxer.h */ = {isa = PBXFileReference; fileEncoding = 4; lastKnownFileType = sourcecode.c.h; name = IUDDemuxer.h; path = UDDemuxer/IUDDemuxer.h; sourceTree = "<group>"; };
		040341E524716C7D0093ABBE /* UDRTXPDemuxer.mm */ = {isa = PBXFileReference; fileEncoding = 4; lastKnownFileType = sourcecode.cpp.objcpp; name = UDRTXPDemuxer.mm; path = UDDemuxer/UDRTXPDemuxer.mm; sourceTree = "<group>"; };
		040341E624716C7D0093ABBE /* UDRTXPDemuxer.h */ = {isa = PBXFileReference; fileEncoding = 4; lastKnownFileType = sourcecode.c.h; name = UDRTXPDemuxer.h; path = UDDemuxer/UDRTXPDemuxer.h; sourceTree = "<group>"; };
		040341E924716C870093ABBE /* UDDefines.h */ = {isa = PBXFileReference; fileEncoding = 4; lastKnownFileType = sourcecode.c.h; name = UDDefines.h; path = UDDefines/UDDefines.h; sourceTree = "<group>"; };
		040341EA24716C870093ABBE /* UDMacro.h */ = {isa = PBXFileReference; fileEncoding = 4; lastKnownFileType = sourcecode.c.h; name = UDMacro.h; path = UDDefines/UDMacro.h; sourceTree = "<group>"; };
		040341EB24716C9E0093ABBE /* UDRenderRGBShader.fsh */ = {isa = PBXFileReference; fileEncoding = 4; lastKnownFileType = sourcecode.glsl; name = UDRenderRGBShader.fsh; path = UDRenderView/Shaders/UDRenderRGBShader.fsh; sourceTree = "<group>"; };
		040341EC24716C9E0093ABBE /* UDRenderNV12Shader.vsh */ = {isa = PBXFileReference; fileEncoding = 4; lastKnownFileType = sourcecode.glsl; name = UDRenderNV12Shader.vsh; path = UDRenderView/Shaders/UDRenderNV12Shader.vsh; sourceTree = "<group>"; };
		040341ED24716C9E0093ABBE /* UDRenderNV12Shader.fsh */ = {isa = PBXFileReference; fileEncoding = 4; lastKnownFileType = sourcecode.glsl; name = UDRenderNV12Shader.fsh; path = UDRenderView/Shaders/UDRenderNV12Shader.fsh; sourceTree = "<group>"; };
		040341EE24716C9E0093ABBE /* UDRenderRGBShader.vsh */ = {isa = PBXFileReference; fileEncoding = 4; lastKnownFileType = sourcecode.glsl; name = UDRenderRGBShader.vsh; path = UDRenderView/Shaders/UDRenderRGBShader.vsh; sourceTree = "<group>"; };
		0403423E2471726B0093ABBE /* UDZLDemuxer.mm */ = {isa = PBXFileReference; fileEncoding = 4; lastKnownFileType = sourcecode.cpp.objcpp; name = UDZLDemuxer.mm; path = UDDemuxer/UDZLDemuxer.mm; sourceTree = "<group>"; };
		040342402471744C0093ABBE /* UDUtils.mm */ = {isa = PBXFileReference; fileEncoding = 4; lastKnownFileType = sourcecode.cpp.objcpp; name = UDUtils.mm; path = UDUtils/UDUtils.mm; sourceTree = "<group>"; };
		0444CDE324742933008A3F01 /* CoreGraphics.framework */ = {isa = PBXFileReference; lastKnownFileType = wrapper.framework; name = CoreGraphics.framework; path = Platforms/MacOSX.platform/Developer/SDKs/MacOSX10.15.sdk/System/Library/Frameworks/CoreGraphics.framework; sourceTree = DEVELOPER_DIR; };
		0444CDE524742942008A3F01 /* Foundation.framework */ = {isa = PBXFileReference; lastKnownFileType = wrapper.framework; name = Foundation.framework; path = Platforms/MacOSX.platform/Developer/SDKs/MacOSX10.15.sdk/System/Library/Frameworks/Foundation.framework; sourceTree = DEVELOPER_DIR; };
		0444CE0C2474CCE2008A3F01 /* UDGCDTimer.h */ = {isa = PBXFileReference; fileEncoding = 4; lastKnownFileType = sourcecode.c.h; name = UDGCDTimer.h; path = UDUtils/UDGCDTimer.h; sourceTree = "<group>"; };
		0444CE0D2474CCE2008A3F01 /* UDGCDTimer.m */ = {isa = PBXFileReference; fileEncoding = 4; lastKnownFileType = sourcecode.c.objc; name = UDGCDTimer.m; path = UDUtils/UDGCDTimer.m; sourceTree = "<group>"; };
		045B445A2475910600B0FD1E /* UDPlayerItem.h */ = {isa = PBXFileReference; lastKnownFileType = sourcecode.c.h; path = UDPlayerItem.h; sourceTree = "<group>"; };
		045B445B2475910600B0FD1E /* UDPlayerItem.m */ = {isa = PBXFileReference; lastKnownFileType = sourcecode.c.objc; path = UDPlayerItem.m; sourceTree = "<group>"; };
		04E12902247A1DDD000C5F60 /* UDPlayerExample.app */ = {isa = PBXFileReference; explicitFileType = wrapper.application; includeInIndex = 0; path = UDPlayerExample.app; sourceTree = BUILT_PRODUCTS_DIR; };
		04E12904247A1DDD000C5F60 /* AppDelegate.h */ = {isa = PBXFileReference; lastKnownFileType = sourcecode.c.h; path = AppDelegate.h; sourceTree = "<group>"; };
		04E12905247A1DDD000C5F60 /* AppDelegate.m */ = {isa = PBXFileReference; lastKnownFileType = sourcecode.c.objc; path = AppDelegate.m; sourceTree = "<group>"; };
		04E12907247A1DDD000C5F60 /* SceneDelegate.h */ = {isa = PBXFileReference; lastKnownFileType = sourcecode.c.h; path = SceneDelegate.h; sourceTree = "<group>"; };
		04E12908247A1DDD000C5F60 /* SceneDelegate.m */ = {isa = PBXFileReference; lastKnownFileType = sourcecode.c.objc; path = SceneDelegate.m; sourceTree = "<group>"; };
		04E1290A247A1DDD000C5F60 /* ViewController.h */ = {isa = PBXFileReference; lastKnownFileType = sourcecode.c.h; path = ViewController.h; sourceTree = "<group>"; };
		04E1290B247A1DDD000C5F60 /* ViewController.m */ = {isa = PBXFileReference; lastKnownFileType = sourcecode.c.objc; path = ViewController.m; sourceTree = "<group>"; };
		04E1290E247A1DDD000C5F60 /* Base */ = {isa = PBXFileReference; lastKnownFileType = file.storyboard; name = Base; path = Base.lproj/Main.storyboard; sourceTree = "<group>"; };
		04E12910247A1DDF000C5F60 /* Assets.xcassets */ = {isa = PBXFileReference; lastKnownFileType = folder.assetcatalog; path = Assets.xcassets; sourceTree = "<group>"; };
		04E12913247A1DDF000C5F60 /* Base */ = {isa = PBXFileReference; lastKnownFileType = file.storyboard; name = Base; path = Base.lproj/LaunchScreen.storyboard; sourceTree = "<group>"; };
		04E12915247A1DDF000C5F60 /* Info.plist */ = {isa = PBXFileReference; lastKnownFileType = text.plist.xml; path = Info.plist; sourceTree = "<group>"; };
		04E12916247A1DDF000C5F60 /* main.m */ = {isa = PBXFileReference; lastKnownFileType = sourcecode.c.objc; path = main.m; sourceTree = "<group>"; };
		04E1291C247A1DDF000C5F60 /* UDPlayerExampleTests.xctest */ = {isa = PBXFileReference; explicitFileType = wrapper.cfbundle; includeInIndex = 0; path = UDPlayerExampleTests.xctest; sourceTree = BUILT_PRODUCTS_DIR; };
		04E12920247A1DDF000C5F60 /* UDPlayerExampleTests.m */ = {isa = PBXFileReference; lastKnownFileType = sourcecode.c.objc; path = UDPlayerExampleTests.m; sourceTree = "<group>"; };
		04E12922247A1DDF000C5F60 /* Info.plist */ = {isa = PBXFileReference; lastKnownFileType = text.plist.xml; path = Info.plist; sourceTree = "<group>"; };
		04E12927247A1DDF000C5F60 /* UDPlayerExampleUITests.xctest */ = {isa = PBXFileReference; explicitFileType = wrapper.cfbundle; includeInIndex = 0; path = UDPlayerExampleUITests.xctest; sourceTree = BUILT_PRODUCTS_DIR; };
		04E1292B247A1DDF000C5F60 /* UDPlayerExampleUITests.m */ = {isa = PBXFileReference; lastKnownFileType = sourcecode.c.objc; path = UDPlayerExampleUITests.m; sourceTree = "<group>"; };
		04E1292D247A1DDF000C5F60 /* Info.plist */ = {isa = PBXFileReference; lastKnownFileType = text.plist.xml; path = Info.plist; sourceTree = "<group>"; };
		04E12938247A2091000C5F60 /* VC_player.h */ = {isa = PBXFileReference; fileEncoding = 4; lastKnownFileType = sourcecode.c.h; path = VC_player.h; sourceTree = "<group>"; };
		04E12939247A2091000C5F60 /* VC_player.mm */ = {isa = PBXFileReference; fileEncoding = 4; lastKnownFileType = sourcecode.cpp.objcpp; path = VC_player.mm; sourceTree = "<group>"; };
		74BD904B24854A06007B19A7 /* IUDPlayer.h */ = {isa = PBXFileReference; fileEncoding = 4; lastKnownFileType = sourcecode.c.h; name = IUDPlayer.h; path = UDPlayer/IUDPlayer.h; sourceTree = "<group>"; };
		74BD904C24854A06007B19A7 /* UDVLCPlayer.h */ = {isa = PBXFileReference; fileEncoding = 4; lastKnownFileType = sourcecode.c.h; name = UDVLCPlayer.h; path = UDPlayer/UDVLCPlayer.h; sourceTree = "<group>"; };
		74BD904D24854A06007B19A7 /* UDVLCPlayer.m */ = {isa = PBXFileReference; fileEncoding = 4; lastKnownFileType = sourcecode.c.objc; name = UDVLCPlayer.m; path = UDPlayer/UDVLCPlayer.m; sourceTree = "<group>"; };
		74BD904E24854A06007B19A7 /* UDPlayer.h */ = {isa = PBXFileReference; fileEncoding = 4; lastKnownFileType = sourcecode.c.h; name = UDPlayer.h; path = UDPlayer/UDPlayer.h; sourceTree = "<group>"; };
		74BD904F24854A06007B19A7 /* UDPlayer.mm */ = {isa = PBXFileReference; fileEncoding = 4; lastKnownFileType = sourcecode.cpp.objcpp; name = UDPlayer.mm; path = UDPlayer/UDPlayer.mm; sourceTree = "<group>"; };
		74BD905A24854BC9007B19A7 /* CoreVideo.framework */ = {isa = PBXFileReference; lastKnownFileType = wrapper.framework; name = CoreVideo.framework; path = Platforms/MacOSX.platform/Developer/SDKs/MacOSX10.15.sdk/System/Library/Frameworks/CoreVideo.framework; sourceTree = DEVELOPER_DIR; };
		74BD907E2485F45B007B19A7 /* VideoToolbox.framework */ = {isa = PBXFileReference; lastKnownFileType = wrapper.framework; name = VideoToolbox.framework; path = System/Library/Frameworks/VideoToolbox.framework; sourceTree = SDKROOT; };
		74BD90802485F461007B19A7 /* CoreMedia.framework */ = {isa = PBXFileReference; lastKnownFileType = wrapper.framework; name = CoreMedia.framework; path = System/Library/Frameworks/CoreMedia.framework; sourceTree = SDKROOT; };
		74BD90822485F474007B19A7 /* AudioToolbox.framework */ = {isa = PBXFileReference; lastKnownFileType = wrapper.framework; name = AudioToolbox.framework; path = System/Library/Frameworks/AudioToolbox.framework; sourceTree = SDKROOT; };
		74BD90842485F488007B19A7 /* AVFoundation.framework */ = {isa = PBXFileReference; lastKnownFileType = wrapper.framework; name = AVFoundation.framework; path = System/Library/Frameworks/AVFoundation.framework; sourceTree = SDKROOT; };
		74CB63B52487CDBC004D3C14 /* libmpeg.a */ = {isa = PBXFileReference; lastKnownFileType = archive.ar; name = libmpeg.a; path = UDPlayer/ZLMediaKit/lib/libmpeg.a; sourceTree = "<group>"; };
		74CB63B62487CDBC004D3C14 /* libflv.a */ = {isa = PBXFileReference; lastKnownFileType = archive.ar; name = libflv.a; path = UDPlayer/ZLMediaKit/lib/libflv.a; sourceTree = "<group>"; };
		74CB63B72487CDBC004D3C14 /* libzltoolkit.a */ = {isa = PBXFileReference; lastKnownFileType = archive.ar; name = libzltoolkit.a; path = UDPlayer/ZLMediaKit/lib/libzltoolkit.a; sourceTree = "<group>"; };
		74CB63B82487CDBD004D3C14 /* librtp.a */ = {isa = PBXFileReference; lastKnownFileType = archive.ar; name = librtp.a; path = UDPlayer/ZLMediaKit/lib/librtp.a; sourceTree = "<group>"; };
		74CB63B92487CDBD004D3C14 /* libmov.a */ = {isa = PBXFileReference; lastKnownFileType = archive.ar; name = libmov.a; path = UDPlayer/ZLMediaKit/lib/libmov.a; sourceTree = "<group>"; };
		74CB63BA2487CDBD004D3C14 /* libmk_api.a */ = {isa = PBXFileReference; lastKnownFileType = archive.ar; name = libmk_api.a; path = UDPlayer/ZLMediaKit/lib/libmk_api.a; sourceTree = "<group>"; };
		74CB63BB2487CDBD004D3C14 /* libzlmediakit.a */ = {isa = PBXFileReference; lastKnownFileType = archive.ar; name = libzlmediakit.a; path = UDPlayer/ZLMediaKit/lib/libzlmediakit.a; sourceTree = "<group>"; };
		74CD8A472712E19500B504B8 /* UDZLAudioDemuxerFrame.h */ = {isa = PBXFileReference; lastKnownFileType = sourcecode.c.h; path = UDZLAudioDemuxerFrame.h; sourceTree = "<group>"; };
		74CD8A482712E19500B504B8 /* UDZLAudioDemuxerFrame.mm */ = {isa = PBXFileReference; lastKnownFileType = sourcecode.cpp.objcpp; path = UDZLAudioDemuxerFrame.mm; sourceTree = "<group>"; };
		74CD8A562712EB6200B504B8 /* UDThreadSafeMutableArray.h */ = {isa = PBXFileReference; lastKnownFileType = sourcecode.c.h; path = UDThreadSafeMutableArray.h; sourceTree = "<group>"; };
		74CD8A572712EB6200B504B8 /* UDThreadSafeMutableArray.m */ = {isa = PBXFileReference; lastKnownFileType = sourcecode.c.objc; path = UDThreadSafeMutableArray.m; sourceTree = "<group>"; };
		74CD8A6D2712FBC100B504B8 /* libfaad.a */ = {isa = PBXFileReference; lastKnownFileType = archive.ar; name = libfaad.a; path = UDPlayer/faad/lib/libfaad.a; sourceTree = "<group>"; };
		74CD8A6E2712FBC100B504B8 /* libmp4ff.a */ = {isa = PBXFileReference; lastKnownFileType = archive.ar; name = libmp4ff.a; path = UDPlayer/faad/lib/libmp4ff.a; sourceTree = "<group>"; };
		74CD8A752713D28100B504B8 /* UDAudioDecoder.m */ = {isa = PBXFileReference; fileEncoding = 4; lastKnownFileType = sourcecode.c.objc; name = UDAudioDecoder.m; path = UDDecode/UDAudioDecoder.m; sourceTree = "<group>"; };
		74CD8A762713D28100B504B8 /* UDAudioDecoder.h */ = {isa = PBXFileReference; fileEncoding = 4; lastKnownFileType = sourcecode.c.h; name = UDAudioDecoder.h; path = UDDecode/UDAudioDecoder.h; sourceTree = "<group>"; };
		74CD8A842713EDAB00B504B8 /* FAACDecoder.h */ = {isa = PBXFileReference; lastKnownFileType = sourcecode.c.h; path = FAACDecoder.h; sourceTree = "<group>"; };
		74CD8A852713EDAB00B504B8 /* FAACDecoder.mm */ = {isa = PBXFileReference; lastKnownFileType = sourcecode.cpp.objcpp; path = FAACDecoder.mm; sourceTree = "<group>"; };
		74E7CAE1270D9B5F00627460 /* UDAudioPlayer.h */ = {isa = PBXFileReference; fileEncoding = 4; lastKnownFileType = sourcecode.c.h; path = UDAudioPlayer.h; sourceTree = "<group>"; };
		74E7CAE2270D9B5F00627460 /* UDAudioPlayer.mm */ = {isa = PBXFileReference; fileEncoding = 4; lastKnownFileType = sourcecode.cpp.objcpp; path = UDAudioPlayer.mm; sourceTree = "<group>"; };
		74E7CAE5270D9B5F00627460 /* AudioDec.cpp */ = {isa = PBXFileReference; fileEncoding = 4; lastKnownFileType = sourcecode.cpp.cpp; path = AudioDec.cpp; sourceTree = "<group>"; };
		74E7CAE6270D9B5F00627460 /* AudioDec.h */ = {isa = PBXFileReference; fileEncoding = 4; lastKnownFileType = sourcecode.c.h; path = AudioDec.h; sourceTree = "<group>"; };
/* End PBXFileReference section */

/* Begin PBXFrameworksBuildPhase section */
		04034176247167640093ABBE /* Frameworks */ = {
			isa = PBXFrameworksBuildPhase;
			buildActionMask = 2147483647;
			files = (
				74CD8A6F2712FBC100B504B8 /* libfaad.a in Frameworks */,
				74CD8A702712FBC100B504B8 /* libmp4ff.a in Frameworks */,
				74CB63BC2487CDBD004D3C14 /* libmpeg.a in Frameworks */,
				74CB63BD2487CDBD004D3C14 /* libflv.a in Frameworks */,
				74CB63BE2487CDBD004D3C14 /* libzltoolkit.a in Frameworks */,
				74CB63BF2487CDBD004D3C14 /* librtp.a in Frameworks */,
				74CB63C02487CDBD004D3C14 /* libmov.a in Frameworks */,
				74CB63C12487CDBD004D3C14 /* libmk_api.a in Frameworks */,
				74CB63C22487CDBD004D3C14 /* libzlmediakit.a in Frameworks */,
				0444CDE624742942008A3F01 /* Foundation.framework in Frameworks */,
				0444CDE424742933008A3F01 /* CoreGraphics.framework in Frameworks */,
				040341B0247168BA0093ABBE /* libc++.tbd in Frameworks */,
				040341AE247168AC0093ABBE /* libz.tbd in Frameworks */,
				040341AC247168A30093ABBE /* libicucore.tbd in Frameworks */,
				040341AA247168980093ABBE /* libiconv.tbd in Frameworks */,
				040341A82471688C0093ABBE /* AVFoundation.framework in Frameworks */,
				040341A6247168840093ABBE /* CoreMedia.framework in Frameworks */,
				040341A42471687A0093ABBE /* VideoToolbox.framework in Frameworks */,
				040341A2247168720093ABBE /* AudioToolbox.framework in Frameworks */,
				040341A02471686A0093ABBE /* GameController.framework in Frameworks */,
			);
			runOnlyForDeploymentPostprocessing = 0;
		};
		04E128FF247A1DDD000C5F60 /* Frameworks */ = {
			isa = PBXFrameworksBuildPhase;
			buildActionMask = 2147483647;
			files = (
				74BD90852485F488007B19A7 /* AVFoundation.framework in Frameworks */,
				74BD90832485F475007B19A7 /* AudioToolbox.framework in Frameworks */,
				74BD90812485F461007B19A7 /* CoreMedia.framework in Frameworks */,
				74BD907F2485F45B007B19A7 /* VideoToolbox.framework in Frameworks */,
				04E12937247A1E3B000C5F60 /* libUDPlayer.a in Frameworks */,
			);
			runOnlyForDeploymentPostprocessing = 0;
		};
		04E12919247A1DDF000C5F60 /* Frameworks */ = {
			isa = PBXFrameworksBuildPhase;
			buildActionMask = 2147483647;
			files = (
			);
			runOnlyForDeploymentPostprocessing = 0;
		};
		04E12924247A1DDF000C5F60 /* Frameworks */ = {
			isa = PBXFrameworksBuildPhase;
			buildActionMask = 2147483647;
			files = (
			);
			runOnlyForDeploymentPostprocessing = 0;
		};
/* End PBXFrameworksBuildPhase section */

/* Begin PBXGroup section */
		04034170247167640093ABBE = {
			isa = PBXGroup;
			children = (
				0403417B247167640093ABBE /* UDPlayer */,
				04E12903247A1DDD000C5F60 /* UDPlayerExample */,
				04E1291F247A1DDF000C5F60 /* UDPlayerExampleTests */,
				04E1292A247A1DDF000C5F60 /* UDPlayerExampleUITests */,
				0403417A247167640093ABBE /* Products */,
				04034190247168530093ABBE /* Frameworks */,
			);
			sourceTree = "<group>";
		};
		0403417A247167640093ABBE /* Products */ = {
			isa = PBXGroup;
			children = (
				04034179247167640093ABBE /* libUDPlayer.a */,
				04E12902247A1DDD000C5F60 /* UDPlayerExample.app */,
				04E1291C247A1DDF000C5F60 /* UDPlayerExampleTests.xctest */,
				04E12927247A1DDF000C5F60 /* UDPlayerExampleUITests.xctest */,
			);
			name = Products;
			sourceTree = "<group>";
		};
		0403417B247167640093ABBE /* UDPlayer */ = {
			isa = PBXGroup;
			children = (
				74E7CAE0270D9B5F00627460 /* AudioPlayer */,
				74BD904A248549F0007B19A7 /* UDPlayer */,
				040341CF24716C480093ABBE /* UDRenderView */,
				040341CE24716C3E0093ABBE /* UDUtils */,
				040341CD24716C360093ABBE /* UDDecode */,
				040341CC24716C270093ABBE /* UDDemuxer */,
				040341CB24716C110093ABBE /* UDDefines */,
				040341BA24716BDB0093ABBE /* UDCommon */,
				0403418E247168110093ABBE /* UDLivePlayer.h */,
				0403418C247168110093ABBE /* UDLivePlayer.mm */,
			);
			path = UDPlayer;
			sourceTree = "<group>";
		};
		04034190247168530093ABBE /* Frameworks */ = {
			isa = PBXGroup;
			children = (
				74CD8A6D2712FBC100B504B8 /* libfaad.a */,
				74CD8A6E2712FBC100B504B8 /* libmp4ff.a */,
				74CB63B62487CDBC004D3C14 /* libflv.a */,
				74CB63BA2487CDBD004D3C14 /* libmk_api.a */,
				74CB63B92487CDBD004D3C14 /* libmov.a */,
				74CB63B52487CDBC004D3C14 /* libmpeg.a */,
				74CB63B82487CDBD004D3C14 /* librtp.a */,
				74CB63BB2487CDBD004D3C14 /* libzlmediakit.a */,
				74CB63B72487CDBC004D3C14 /* libzltoolkit.a */,
				74BD90842485F488007B19A7 /* AVFoundation.framework */,
				74BD90822485F474007B19A7 /* AudioToolbox.framework */,
				74BD90802485F461007B19A7 /* CoreMedia.framework */,
				74BD907E2485F45B007B19A7 /* VideoToolbox.framework */,
				74BD905A24854BC9007B19A7 /* CoreVideo.framework */,
				0444CDE524742942008A3F01 /* Foundation.framework */,
				0444CDE324742933008A3F01 /* CoreGraphics.framework */,
				040341AF247168BA0093ABBE /* libc++.tbd */,
				040341AD247168AC0093ABBE /* libz.tbd */,
				040341AB247168A20093ABBE /* libicucore.tbd */,
				040341A9247168980093ABBE /* libiconv.tbd */,
				040341A72471688C0093ABBE /* AVFoundation.framework */,
				040341A5247168840093ABBE /* CoreMedia.framework */,
				040341A32471687A0093ABBE /* VideoToolbox.framework */,
				040341A1247168720093ABBE /* AudioToolbox.framework */,
				0403419F2471686A0093ABBE /* GameController.framework */,
			);
			name = Frameworks;
			sourceTree = "<group>";
		};
		040341BA24716BDB0093ABBE /* UDCommon */ = {
			isa = PBXGroup;
			children = (
				040341C424716BED0093ABBE /* UDConfigFrameExtra.h */,
				040341BF24716BED0093ABBE /* UDConfigFrameExtra.m */,
				040341C324716BED0093ABBE /* UDDemuxerFrame.h */,
				040341BB24716BED0093ABBE /* UDDemuxerFrame.m */,
				040341BE24716BED0093ABBE /* UDRenderFrame.h */,
				040341C224716BED0093ABBE /* UDRenderFrame.mm */,
				040341BC24716BED0093ABBE /* UDZLDemuxerFrame.h */,
				040341C124716BED0093ABBE /* UDZLDemuxerFrame.mm */,
				045B445A2475910600B0FD1E /* UDPlayerItem.h */,
				045B445B2475910600B0FD1E /* UDPlayerItem.m */,
				74CD8A472712E19500B504B8 /* UDZLAudioDemuxerFrame.h */,
				74CD8A482712E19500B504B8 /* UDZLAudioDemuxerFrame.mm */,
				74CD8A562712EB6200B504B8 /* UDThreadSafeMutableArray.h */,
				74CD8A572712EB6200B504B8 /* UDThreadSafeMutableArray.m */,
			);
			name = UDCommon;
			sourceTree = "<group>";
		};
		040341CB24716C110093ABBE /* UDDefines */ = {
			isa = PBXGroup;
			children = (
				040341E924716C870093ABBE /* UDDefines.h */,
				040341EA24716C870093ABBE /* UDMacro.h */,
			);
			name = UDDefines;
			sourceTree = "<group>";
		};
		040341CC24716C270093ABBE /* UDDemuxer */ = {
			isa = PBXGroup;
			children = (
				040341E424716C7D0093ABBE /* IUDDemuxer.h */,
				040341E624716C7D0093ABBE /* UDRTXPDemuxer.h */,
				040341E524716C7D0093ABBE /* UDRTXPDemuxer.mm */,
				040341E224716C7D0093ABBE /* UDZLDemuxer.h */,
				0403423E2471726B0093ABBE /* UDZLDemuxer.mm */,
			);
			name = UDDemuxer;
			sourceTree = "<group>";
		};
		040341CD24716C360093ABBE /* UDDecode */ = {
			isa = PBXGroup;
			children = (
				74CD8A762713D28100B504B8 /* UDAudioDecoder.h */,
				74CD8A752713D28100B504B8 /* UDAudioDecoder.m */,
				040341DB24716C740093ABBE /* IUDVideoDecoder.h */,
				040341DE24716C740093ABBE /* MediaDecoder.h */,
				040341DD24716C740093ABBE /* MediaDecoder.mm */,
				040341DC24716C740093ABBE /* UDVideoDecoder.h */,
				040341DF24716C740093ABBE /* UDVideoDecoder.mm */,
			);
			name = UDDecode;
			sourceTree = "<group>";
		};
		040341CE24716C3E0093ABBE /* UDUtils */ = {
			isa = PBXGroup;
			children = (
				0444CE0C2474CCE2008A3F01 /* UDGCDTimer.h */,
				0444CE0D2474CCE2008A3F01 /* UDGCDTimer.m */,
				040341D924716C6A0093ABBE /* UDUtils.h */,
				040342402471744C0093ABBE /* UDUtils.mm */,
			);
			name = UDUtils;
			sourceTree = "<group>";
		};
		040341CF24716C480093ABBE /* UDRenderView */ = {
			isa = PBXGroup;
			children = (
				040341ED24716C9E0093ABBE /* UDRenderNV12Shader.fsh */,
				040341EC24716C9E0093ABBE /* UDRenderNV12Shader.vsh */,
				040341EB24716C9E0093ABBE /* UDRenderRGBShader.fsh */,
				040341EE24716C9E0093ABBE /* UDRenderRGBShader.vsh */,
				040341D324716C570093ABBE /* GLView.h */,
				040341D124716C570093ABBE /* GLView.mm */,
				040341D424716C570093ABBE /* IUDRenderView.h */,
				040341D024716C570093ABBE /* UDRenderView.h */,
				040341D224716C570093ABBE /* UDRenderView.mm */,
				039921A92913567A001F05A0 /* UDRenderShader.h */,
			);
			name = UDRenderView;
			sourceTree = "<group>";
		};
		04E12903247A1DDD000C5F60 /* UDPlayerExample */ = {
			isa = PBXGroup;
			children = (
				04E12938247A2091000C5F60 /* VC_player.h */,
				04E12939247A2091000C5F60 /* VC_player.mm */,
				04E12904247A1DDD000C5F60 /* AppDelegate.h */,
				04E12905247A1DDD000C5F60 /* AppDelegate.m */,
				04E12907247A1DDD000C5F60 /* SceneDelegate.h */,
				04E12908247A1DDD000C5F60 /* SceneDelegate.m */,
				04E1290A247A1DDD000C5F60 /* ViewController.h */,
				04E1290B247A1DDD000C5F60 /* ViewController.m */,
				04E1290D247A1DDD000C5F60 /* Main.storyboard */,
				04E12910247A1DDF000C5F60 /* Assets.xcassets */,
				04E12912247A1DDF000C5F60 /* LaunchScreen.storyboard */,
				04E12915247A1DDF000C5F60 /* Info.plist */,
				04E12916247A1DDF000C5F60 /* main.m */,
			);
			path = UDPlayerExample;
			sourceTree = "<group>";
		};
		04E1291F247A1DDF000C5F60 /* UDPlayerExampleTests */ = {
			isa = PBXGroup;
			children = (
				04E12920247A1DDF000C5F60 /* UDPlayerExampleTests.m */,
				04E12922247A1DDF000C5F60 /* Info.plist */,
			);
			path = UDPlayerExampleTests;
			sourceTree = "<group>";
		};
		04E1292A247A1DDF000C5F60 /* UDPlayerExampleUITests */ = {
			isa = PBXGroup;
			children = (
				04E1292B247A1DDF000C5F60 /* UDPlayerExampleUITests.m */,
				04E1292D247A1DDF000C5F60 /* Info.plist */,
			);
			path = UDPlayerExampleUITests;
			sourceTree = "<group>";
		};
		74BD904A248549F0007B19A7 /* UDPlayer */ = {
			isa = PBXGroup;
			children = (
				74BD904B24854A06007B19A7 /* IUDPlayer.h */,
				74BD904E24854A06007B19A7 /* UDPlayer.h */,
				74BD904F24854A06007B19A7 /* UDPlayer.mm */,
				74BD904C24854A06007B19A7 /* UDVLCPlayer.h */,
				74BD904D24854A06007B19A7 /* UDVLCPlayer.m */,
			);
			name = UDPlayer;
			sourceTree = "<group>";
		};
		74E7CAE0270D9B5F00627460 /* AudioPlayer */ = {
			isa = PBXGroup;
			children = (
				74E7CAE1270D9B5F00627460 /* UDAudioPlayer.h */,
				74E7CAE2270D9B5F00627460 /* UDAudioPlayer.mm */,
				74E7CAE3270D9B5F00627460 /* src */,
			);
			path = AudioPlayer;
			sourceTree = "<group>";
		};
		74E7CAE3270D9B5F00627460 /* src */ = {
			isa = PBXGroup;
			children = (
				74E7CAE4270D9B5F00627460 /* AudioDec */,
			);
			path = src;
			sourceTree = "<group>";
		};
		74E7CAE4270D9B5F00627460 /* AudioDec */ = {
			isa = PBXGroup;
			children = (
				74E7CAE5270D9B5F00627460 /* AudioDec.cpp */,
				74E7CAE6270D9B5F00627460 /* AudioDec.h */,
				74CD8A842713EDAB00B504B8 /* FAACDecoder.h */,
				74CD8A852713EDAB00B504B8 /* FAACDecoder.mm */,
			);
			path = AudioDec;
			sourceTree = "<group>";
		};
/* End PBXGroup section */

/* Begin PBXNativeTarget section */
		04034178247167640093ABBE /* UDPlayer */ = {
			isa = PBXNativeTarget;
			buildConfigurationList = 04034182247167640093ABBE /* Build configuration list for PBXNativeTarget "UDPlayer" */;
			buildPhases = (
				04034175247167640093ABBE /* Sources */,
				04034176247167640093ABBE /* Frameworks */,
				04034177247167640093ABBE /* CopyFiles */,
			);
			buildRules = (
			);
			dependencies = (
			);
			name = UDPlayer;
			productName = UDPlayer;
			productReference = 04034179247167640093ABBE /* libUDPlayer.a */;
			productType = "com.apple.product-type.library.static";
		};
		04E12901247A1DDD000C5F60 /* UDPlayerExample */ = {
			isa = PBXNativeTarget;
			buildConfigurationList = 04E12934247A1DDF000C5F60 /* Build configuration list for PBXNativeTarget "UDPlayerExample" */;
			buildPhases = (
				04E128FE247A1DDD000C5F60 /* Sources */,
				04E128FF247A1DDD000C5F60 /* Frameworks */,
				04E12900247A1DDD000C5F60 /* Resources */,
			);
			buildRules = (
			);
			dependencies = (
			);
			name = UDPlayerExample;
			productName = UDPlayerExample;
			productReference = 04E12902247A1DDD000C5F60 /* UDPlayerExample.app */;
			productType = "com.apple.product-type.application";
		};
		04E1291B247A1DDF000C5F60 /* UDPlayerExampleTests */ = {
			isa = PBXNativeTarget;
			buildConfigurationList = 04E12935247A1DDF000C5F60 /* Build configuration list for PBXNativeTarget "UDPlayerExampleTests" */;
			buildPhases = (
				04E12918247A1DDF000C5F60 /* Sources */,
				04E12919247A1DDF000C5F60 /* Frameworks */,
				04E1291A247A1DDF000C5F60 /* Resources */,
			);
			buildRules = (
			);
			dependencies = (
				04E1291E247A1DDF000C5F60 /* PBXTargetDependency */,
			);
			name = UDPlayerExampleTests;
			productName = UDPlayerExampleTests;
			productReference = 04E1291C247A1DDF000C5F60 /* UDPlayerExampleTests.xctest */;
			productType = "com.apple.product-type.bundle.unit-test";
		};
		04E12926247A1DDF000C5F60 /* UDPlayerExampleUITests */ = {
			isa = PBXNativeTarget;
			buildConfigurationList = 04E12936247A1DDF000C5F60 /* Build configuration list for PBXNativeTarget "UDPlayerExampleUITests" */;
			buildPhases = (
				04E12923247A1DDF000C5F60 /* Sources */,
				04E12924247A1DDF000C5F60 /* Frameworks */,
				04E12925247A1DDF000C5F60 /* Resources */,
			);
			buildRules = (
			);
			dependencies = (
				04E12929247A1DDF000C5F60 /* PBXTargetDependency */,
			);
			name = UDPlayerExampleUITests;
			productName = UDPlayerExampleUITests;
			productReference = 04E12927247A1DDF000C5F60 /* UDPlayerExampleUITests.xctest */;
			productType = "com.apple.product-type.bundle.ui-testing";
		};
/* End PBXNativeTarget section */

/* Begin PBXProject section */
		04034171247167640093ABBE /* Project object */ = {
			isa = PBXProject;
			attributes = {
				LastUpgradeCheck = 1140;
				ORGANIZATIONNAME = com.hzhihui;
				TargetAttributes = {
					04034178247167640093ABBE = {
						CreatedOnToolsVersion = 11.4.1;
					};
					04E12901247A1DDD000C5F60 = {
						CreatedOnToolsVersion = 11.4.1;
					};
					04E1291B247A1DDF000C5F60 = {
						CreatedOnToolsVersion = 11.4.1;
						TestTargetID = 04E12901247A1DDD000C5F60;
					};
					04E12926247A1DDF000C5F60 = {
						CreatedOnToolsVersion = 11.4.1;
						TestTargetID = 04E12901247A1DDD000C5F60;
					};
				};
			};
			buildConfigurationList = 04034174247167640093ABBE /* Build configuration list for PBXProject "UDPlayer" */;
			compatibilityVersion = "Xcode 9.3";
			developmentRegion = en;
			hasScannedForEncodings = 0;
			knownRegions = (
				en,
				Base,
			);
			mainGroup = 04034170247167640093ABBE;
			productRefGroup = 0403417A247167640093ABBE /* Products */;
			projectDirPath = "";
			projectRoot = "";
			targets = (
				04034178247167640093ABBE /* UDPlayer */,
				04E12901247A1DDD000C5F60 /* UDPlayerExample */,
				04E1291B247A1DDF000C5F60 /* UDPlayerExampleTests */,
				04E12926247A1DDF000C5F60 /* UDPlayerExampleUITests */,
			);
		};
/* End PBXProject section */

/* Begin PBXResourcesBuildPhase section */
		04E12900247A1DDD000C5F60 /* Resources */ = {
			isa = PBXResourcesBuildPhase;
			buildActionMask = 2147483647;
			files = (
				04E12914247A1DDF000C5F60 /* LaunchScreen.storyboard in Resources */,
				04E12911247A1DDF000C5F60 /* Assets.xcassets in Resources */,
				04E1290F247A1DDD000C5F60 /* Main.storyboard in Resources */,
			);
			runOnlyForDeploymentPostprocessing = 0;
		};
		04E1291A247A1DDF000C5F60 /* Resources */ = {
			isa = PBXResourcesBuildPhase;
			buildActionMask = 2147483647;
			files = (
			);
			runOnlyForDeploymentPostprocessing = 0;
		};
		04E12925247A1DDF000C5F60 /* Resources */ = {
			isa = PBXResourcesBuildPhase;
			buildActionMask = 2147483647;
			files = (
			);
			runOnlyForDeploymentPostprocessing = 0;
		};
/* End PBXResourcesBuildPhase section */

/* Begin PBXSourcesBuildPhase section */
		04034175247167640093ABBE /* Sources */ = {
			isa = PBXSourcesBuildPhase;
			buildActionMask = 2147483647;
			files = (
				040341C924716BED0093ABBE /* UDRenderFrame.mm in Sources */,
				0444CE0E2474CCE2008A3F01 /* UDGCDTimer.m in Sources */,
				74CD8A582712EB6200B504B8 /* UDThreadSafeMutableArray.m in Sources */,
				74CD8A862713EDAB00B504B8 /* FAACDecoder.mm in Sources */,
				040341C524716BED0093ABBE /* UDDemuxerFrame.m in Sources */,
				040341E024716C740093ABBE /* MediaDecoder.mm in Sources */,
				040342412471744C0093ABBE /* UDUtils.mm in Sources */,
				040341C724716BED0093ABBE /* UDConfigFrameExtra.m in Sources */,
				045B445C2475910600B0FD1E /* UDPlayerItem.m in Sources */,
				0403423F2471726B0093ABBE /* UDZLDemuxer.mm in Sources */,
				74E7CB4E270D9B5F00627460 /* UDAudioPlayer.mm in Sources */,
				74E7CB4F270D9B5F00627460 /* AudioDec.cpp in Sources */,
				040341C824716BED0093ABBE /* UDZLDemuxerFrame.mm in Sources */,
				74BD905124854A06007B19A7 /* UDPlayer.mm in Sources */,
				040341E124716C740093ABBE /* UDVideoDecoder.mm in Sources */,
				040341E824716C7D0093ABBE /* UDRTXPDemuxer.mm in Sources */,
				74CD8A772713D28100B504B8 /* UDAudioDecoder.m in Sources */,
				040341D724716C570093ABBE /* UDRenderView.mm in Sources */,
				74CD8A492712E19500B504B8 /* UDZLAudioDemuxerFrame.mm in Sources */,
				0403418F247168120093ABBE /* UDLivePlayer.mm in Sources */,
				040341D624716C570093ABBE /* GLView.mm in Sources */,
				74BD905024854A06007B19A7 /* UDVLCPlayer.m in Sources */,
			);
			runOnlyForDeploymentPostprocessing = 0;
		};
		04E128FE247A1DDD000C5F60 /* Sources */ = {
			isa = PBXSourcesBuildPhase;
			buildActionMask = 2147483647;
			files = (
				04E1290C247A1DDD000C5F60 /* ViewController.m in Sources */,
				04E12906247A1DDD000C5F60 /* AppDelegate.m in Sources */,
				04E12917247A1DDF000C5F60 /* main.m in Sources */,
				04E1293A247A2091000C5F60 /* VC_player.mm in Sources */,
				04E12909247A1DDD000C5F60 /* SceneDelegate.m in Sources */,
			);
			runOnlyForDeploymentPostprocessing = 0;
		};
		04E12918247A1DDF000C5F60 /* Sources */ = {
			isa = PBXSourcesBuildPhase;
			buildActionMask = 2147483647;
			files = (
				04E12921247A1DDF000C5F60 /* UDPlayerExampleTests.m in Sources */,
			);
			runOnlyForDeploymentPostprocessing = 0;
		};
		04E12923247A1DDF000C5F60 /* Sources */ = {
			isa = PBXSourcesBuildPhase;
			buildActionMask = 2147483647;
			files = (
				04E1292C247A1DDF000C5F60 /* UDPlayerExampleUITests.m in Sources */,
			);
			runOnlyForDeploymentPostprocessing = 0;
		};
/* End PBXSourcesBuildPhase section */

/* Begin PBXTargetDependency section */
		04E1291E247A1DDF000C5F60 /* PBXTargetDependency */ = {
			isa = PBXTargetDependency;
			target = 04E12901247A1DDD000C5F60 /* UDPlayerExample */;
			targetProxy = 04E1291D247A1DDF000C5F60 /* PBXContainerItemProxy */;
		};
		04E12929247A1DDF000C5F60 /* PBXTargetDependency */ = {
			isa = PBXTargetDependency;
			target = 04E12901247A1DDD000C5F60 /* UDPlayerExample */;
			targetProxy = 04E12928247A1DDF000C5F60 /* PBXContainerItemProxy */;
		};
/* End PBXTargetDependency section */

/* Begin PBXVariantGroup section */
		04E1290D247A1DDD000C5F60 /* Main.storyboard */ = {
			isa = PBXVariantGroup;
			children = (
				04E1290E247A1DDD000C5F60 /* Base */,
			);
			name = Main.storyboard;
			sourceTree = "<group>";
		};
		04E12912247A1DDF000C5F60 /* LaunchScreen.storyboard */ = {
			isa = PBXVariantGroup;
			children = (
				04E12913247A1DDF000C5F60 /* Base */,
			);
			name = LaunchScreen.storyboard;
			sourceTree = "<group>";
		};
/* End PBXVariantGroup section */

/* Begin XCBuildConfiguration section */
		04034180247167640093ABBE /* Debug */ = {
			isa = XCBuildConfiguration;
			buildSettings = {
				ALWAYS_SEARCH_USER_PATHS = NO;
				CLANG_ANALYZER_NONNULL = YES;
				CLANG_ANALYZER_NUMBER_OBJECT_CONVERSION = YES_AGGRESSIVE;
				CLANG_CXX_LANGUAGE_STANDARD = "gnu++14";
				CLANG_CXX_LIBRARY = "libc++";
				CLANG_ENABLE_MODULES = YES;
				CLANG_ENABLE_OBJC_ARC = YES;
				CLANG_ENABLE_OBJC_WEAK = YES;
				CLANG_WARN_BLOCK_CAPTURE_AUTORELEASING = YES;
				CLANG_WARN_BOOL_CONVERSION = YES;
				CLANG_WARN_COMMA = YES;
				CLANG_WARN_CONSTANT_CONVERSION = YES;
				CLANG_WARN_DEPRECATED_OBJC_IMPLEMENTATIONS = YES;
				CLANG_WARN_DIRECT_OBJC_ISA_USAGE = YES_ERROR;
				CLANG_WARN_DOCUMENTATION_COMMENTS = YES;
				CLANG_WARN_EMPTY_BODY = YES;
				CLANG_WARN_ENUM_CONVERSION = YES;
				CLANG_WARN_INFINITE_RECURSION = YES;
				CLANG_WARN_INT_CONVERSION = YES;
				CLANG_WARN_NON_LITERAL_NULL_CONVERSION = YES;
				CLANG_WARN_OBJC_IMPLICIT_RETAIN_SELF = YES;
				CLANG_WARN_OBJC_LITERAL_CONVERSION = YES;
				CLANG_WARN_OBJC_ROOT_CLASS = YES_ERROR;
				CLANG_WARN_RANGE_LOOP_ANALYSIS = YES;
				CLANG_WARN_STRICT_PROTOTYPES = YES;
				CLANG_WARN_SUSPICIOUS_MOVE = YES;
				CLANG_WARN_UNGUARDED_AVAILABILITY = YES_AGGRESSIVE;
				CLANG_WARN_UNREACHABLE_CODE = YES;
				CLANG_WARN__DUPLICATE_METHOD_MATCH = YES;
				COPY_PHASE_STRIP = NO;
				DEBUG_INFORMATION_FORMAT = dwarf;
				ENABLE_STRICT_OBJC_MSGSEND = YES;
				ENABLE_TESTABILITY = YES;
				GCC_C_LANGUAGE_STANDARD = gnu11;
				GCC_DYNAMIC_NO_PIC = NO;
				GCC_NO_COMMON_BLOCKS = YES;
				GCC_OPTIMIZATION_LEVEL = 0;
				GCC_PREPROCESSOR_DEFINITIONS = (
					"DEBUG=1",
					"$(inherited)",
				);
				GCC_WARN_64_TO_32_BIT_CONVERSION = YES;
				GCC_WARN_ABOUT_RETURN_TYPE = YES_ERROR;
				GCC_WARN_UNDECLARED_SELECTOR = YES;
				GCC_WARN_UNINITIALIZED_AUTOS = YES_AGGRESSIVE;
				GCC_WARN_UNUSED_FUNCTION = YES;
				GCC_WARN_UNUSED_VARIABLE = YES;
				IPHONEOS_DEPLOYMENT_TARGET = 11.0;
				MTL_ENABLE_DEBUG_INFO = INCLUDE_SOURCE;
				MTL_FAST_MATH = YES;
				ONLY_ACTIVE_ARCH = NO;
				SDKROOT = iphoneos;
			};
			name = Debug;
		};
		04034181247167640093ABBE /* Release */ = {
			isa = XCBuildConfiguration;
			buildSettings = {
				ALWAYS_SEARCH_USER_PATHS = NO;
				CLANG_ANALYZER_NONNULL = YES;
				CLANG_ANALYZER_NUMBER_OBJECT_CONVERSION = YES_AGGRESSIVE;
				CLANG_CXX_LANGUAGE_STANDARD = "gnu++14";
				CLANG_CXX_LIBRARY = "libc++";
				CLANG_ENABLE_MODULES = YES;
				CLANG_ENABLE_OBJC_ARC = YES;
				CLANG_ENABLE_OBJC_WEAK = YES;
				CLANG_WARN_BLOCK_CAPTURE_AUTORELEASING = YES;
				CLANG_WARN_BOOL_CONVERSION = YES;
				CLANG_WARN_COMMA = YES;
				CLANG_WARN_CONSTANT_CONVERSION = YES;
				CLANG_WARN_DEPRECATED_OBJC_IMPLEMENTATIONS = YES;
				CLANG_WARN_DIRECT_OBJC_ISA_USAGE = YES_ERROR;
				CLANG_WARN_DOCUMENTATION_COMMENTS = YES;
				CLANG_WARN_EMPTY_BODY = YES;
				CLANG_WARN_ENUM_CONVERSION = YES;
				CLANG_WARN_INFINITE_RECURSION = YES;
				CLANG_WARN_INT_CONVERSION = YES;
				CLANG_WARN_NON_LITERAL_NULL_CONVERSION = YES;
				CLANG_WARN_OBJC_IMPLICIT_RETAIN_SELF = YES;
				CLANG_WARN_OBJC_LITERAL_CONVERSION = YES;
				CLANG_WARN_OBJC_ROOT_CLASS = YES_ERROR;
				CLANG_WARN_RANGE_LOOP_ANALYSIS = YES;
				CLANG_WARN_STRICT_PROTOTYPES = YES;
				CLANG_WARN_SUSPICIOUS_MOVE = YES;
				CLANG_WARN_UNGUARDED_AVAILABILITY = YES_AGGRESSIVE;
				CLANG_WARN_UNREACHABLE_CODE = YES;
				CLANG_WARN__DUPLICATE_METHOD_MATCH = YES;
				COPY_PHASE_STRIP = NO;
				DEBUG_INFORMATION_FORMAT = "dwarf-with-dsym";
				ENABLE_NS_ASSERTIONS = NO;
				ENABLE_STRICT_OBJC_MSGSEND = YES;
				GCC_C_LANGUAGE_STANDARD = gnu11;
				GCC_NO_COMMON_BLOCKS = YES;
				GCC_WARN_64_TO_32_BIT_CONVERSION = YES;
				GCC_WARN_ABOUT_RETURN_TYPE = YES_ERROR;
				GCC_WARN_UNDECLARED_SELECTOR = YES;
				GCC_WARN_UNINITIALIZED_AUTOS = YES_AGGRESSIVE;
				GCC_WARN_UNUSED_FUNCTION = YES;
				GCC_WARN_UNUSED_VARIABLE = YES;
				IPHONEOS_DEPLOYMENT_TARGET = 11.0;
				MTL_ENABLE_DEBUG_INFO = NO;
				MTL_FAST_MATH = YES;
				ONLY_ACTIVE_ARCH = NO;
				SDKROOT = iphoneos;
				VALIDATE_PRODUCT = YES;
			};
			name = Release;
		};
		04034183247167640093ABBE /* Debug */ = {
			isa = XCBuildConfiguration;
			buildSettings = {
				CODE_SIGN_STYLE = Automatic;
				FRAMEWORK_SEARCH_PATHS = "$(inherited)";
				HEADER_SEARCH_PATHS = (
					"$(PROJECT_DIR)/UDPlayer/ZLMediaKit/include/mk_api",
					"$(PROJECT_DIR)/UDPlayer/ZLMediaKit/include/zltoolkit",
					"$(PROJECT_DIR)/UDPlayer/ZLMediaKit/include/zlmediakit",
					"$(PROJECT_DIR)/UDPlayer/faad/include",
				);
				LIBRARY_SEARCH_PATHS = (
					"$(inherited)",
					"$(PROJECT_DIR)/UDPlayer/ZLMediaKit/lib",
					"$(PROJECT_DIR)/UDPlayer/faad/lib",
				);
				OTHER_LDFLAGS = "-ObjC";
				PRODUCT_NAME = "$(TARGET_NAME)";
				SKIP_INSTALL = YES;
				TARGETED_DEVICE_FAMILY = "1,2";
			};
			name = Debug;
		};
		04034184247167640093ABBE /* Release */ = {
			isa = XCBuildConfiguration;
			buildSettings = {
				CODE_SIGN_STYLE = Automatic;
				FRAMEWORK_SEARCH_PATHS = "$(inherited)";
				HEADER_SEARCH_PATHS = (
					"$(PROJECT_DIR)/UDPlayer/ZLMediaKit/include/mk_api",
					"$(PROJECT_DIR)/UDPlayer/ZLMediaKit/include/zltoolkit",
					"$(PROJECT_DIR)/UDPlayer/ZLMediaKit/include/zlmediakit",
					"$(PROJECT_DIR)/UDPlayer/faad/include",
				);
				LIBRARY_SEARCH_PATHS = (
					"$(inherited)",
					"$(PROJECT_DIR)/UDPlayer/ZLMediaKit/lib",
					"$(PROJECT_DIR)/UDPlayer/faad/lib",
				);
				OTHER_LDFLAGS = "-ObjC";
				PRODUCT_NAME = "$(TARGET_NAME)";
				SKIP_INSTALL = YES;
				TARGETED_DEVICE_FAMILY = "1,2";
			};
			name = Release;
		};
		04E1292E247A1DDF000C5F60 /* Debug */ = {
			isa = XCBuildConfiguration;
			buildSettings = {
				ASSETCATALOG_COMPILER_APPICON_NAME = AppIcon;
				CODE_SIGN_IDENTITY = "Apple Development";
				CODE_SIGN_STYLE = Automatic;
				DEVELOPMENT_TEAM = PYCP986MHW;
				ENABLE_BITCODE = NO;
				FRAMEWORK_SEARCH_PATHS = "$(inherited)";
				INFOPLIST_FILE = UDPlayerExample/Info.plist;
				IPHONEOS_DEPLOYMENT_TARGET = 11.0;
				LD_RUNPATH_SEARCH_PATHS = (
					"$(inherited)",
					"@executable_path/Frameworks",
				);
				ONLY_ACTIVE_ARCH = YES;
				PRODUCT_BUNDLE_IDENTIFIER = com.hzhihui.UDPlayerE;
				PRODUCT_NAME = "$(TARGET_NAME)";
				PROVISIONING_PROFILE_SPECIFIER = "";
				TARGETED_DEVICE_FAMILY = "1,2";
			};
			name = Debug;
		};
		04E1292F247A1DDF000C5F60 /* Release */ = {
			isa = XCBuildConfiguration;
			buildSettings = {
				ASSETCATALOG_COMPILER_APPICON_NAME = AppIcon;
				CODE_SIGN_IDENTITY = "Apple Development";
				CODE_SIGN_STYLE = Automatic;
				DEVELOPMENT_TEAM = PYCP986MHW;
				ENABLE_BITCODE = NO;
				FRAMEWORK_SEARCH_PATHS = "$(inherited)";
				INFOPLIST_FILE = UDPlayerExample/Info.plist;
				IPHONEOS_DEPLOYMENT_TARGET = 11.0;
				LD_RUNPATH_SEARCH_PATHS = (
					"$(inherited)",
					"@executable_path/Frameworks",
				);
				PRODUCT_BUNDLE_IDENTIFIER = com.hzhihui.UDPlayerE;
				PRODUCT_NAME = "$(TARGET_NAME)";
				PROVISIONING_PROFILE_SPECIFIER = "";
				TARGETED_DEVICE_FAMILY = "1,2";
			};
			name = Release;
		};
		04E12930247A1DDF000C5F60 /* Debug */ = {
			isa = XCBuildConfiguration;
			buildSettings = {
				BUNDLE_LOADER = "$(TEST_HOST)";
				CODE_SIGN_STYLE = Automatic;
				INFOPLIST_FILE = UDPlayerExampleTests/Info.plist;
				IPHONEOS_DEPLOYMENT_TARGET = 13.4;
				LD_RUNPATH_SEARCH_PATHS = (
					"$(inherited)",
					"@executable_path/Frameworks",
					"@loader_path/Frameworks",
				);
				ONLY_ACTIVE_ARCH = YES;
				PRODUCT_BUNDLE_IDENTIFIER = com.hzhihui.UDPlayerExampleTests;
				PRODUCT_NAME = "$(TARGET_NAME)";
				TARGETED_DEVICE_FAMILY = "1,2";
				TEST_HOST = "$(BUILT_PRODUCTS_DIR)/UDPlayerExample.app/UDPlayerExample";
			};
			name = Debug;
		};
		04E12931247A1DDF000C5F60 /* Release */ = {
			isa = XCBuildConfiguration;
			buildSettings = {
				BUNDLE_LOADER = "$(TEST_HOST)";
				CODE_SIGN_STYLE = Automatic;
				INFOPLIST_FILE = UDPlayerExampleTests/Info.plist;
				IPHONEOS_DEPLOYMENT_TARGET = 13.4;
				LD_RUNPATH_SEARCH_PATHS = (
					"$(inherited)",
					"@executable_path/Frameworks",
					"@loader_path/Frameworks",
				);
				PRODUCT_BUNDLE_IDENTIFIER = com.hzhihui.UDPlayerExampleTests;
				PRODUCT_NAME = "$(TARGET_NAME)";
				TARGETED_DEVICE_FAMILY = "1,2";
				TEST_HOST = "$(BUILT_PRODUCTS_DIR)/UDPlayerExample.app/UDPlayerExample";
			};
			name = Release;
		};
		04E12932247A1DDF000C5F60 /* Debug */ = {
			isa = XCBuildConfiguration;
			buildSettings = {
				CODE_SIGN_STYLE = Automatic;
				INFOPLIST_FILE = UDPlayerExampleUITests/Info.plist;
				IPHONEOS_DEPLOYMENT_TARGET = 13.4;
				LD_RUNPATH_SEARCH_PATHS = (
					"$(inherited)",
					"@executable_path/Frameworks",
					"@loader_path/Frameworks",
				);
				ONLY_ACTIVE_ARCH = YES;
				PRODUCT_BUNDLE_IDENTIFIER = com.hzhihui.UDPlayerExampleUITests;
				PRODUCT_NAME = "$(TARGET_NAME)";
				TARGETED_DEVICE_FAMILY = "1,2";
				TEST_TARGET_NAME = UDPlayerExample;
			};
			name = Debug;
		};
		04E12933247A1DDF000C5F60 /* Release */ = {
			isa = XCBuildConfiguration;
			buildSettings = {
				CODE_SIGN_STYLE = Automatic;
				INFOPLIST_FILE = UDPlayerExampleUITests/Info.plist;
				IPHONEOS_DEPLOYMENT_TARGET = 13.4;
				LD_RUNPATH_SEARCH_PATHS = (
					"$(inherited)",
					"@executable_path/Frameworks",
					"@loader_path/Frameworks",
				);
				PRODUCT_BUNDLE_IDENTIFIER = com.hzhihui.UDPlayerExampleUITests;
				PRODUCT_NAME = "$(TARGET_NAME)";
				TARGETED_DEVICE_FAMILY = "1,2";
				TEST_TARGET_NAME = UDPlayerExample;
			};
			name = Release;
		};
/* End XCBuildConfiguration section */

/* Begin XCConfigurationList section */
		04034174247167640093ABBE /* Build configuration list for PBXProject "UDPlayer" */ = {
			isa = XCConfigurationList;
			buildConfigurations = (
				04034180247167640093ABBE /* Debug */,
				04034181247167640093ABBE /* Release */,
			);
			defaultConfigurationIsVisible = 0;
			defaultConfigurationName = Release;
		};
		04034182247167640093ABBE /* Build configuration list for PBXNativeTarget "UDPlayer" */ = {
			isa = XCConfigurationList;
			buildConfigurations = (
				04034183247167640093ABBE /* Debug */,
				04034184247167640093ABBE /* Release */,
			);
			defaultConfigurationIsVisible = 0;
			defaultConfigurationName = Release;
		};
		04E12934247A1DDF000C5F60 /* Build configuration list for PBXNativeTarget "UDPlayerExample" */ = {
			isa = XCConfigurationList;
			buildConfigurations = (
				04E1292E247A1DDF000C5F60 /* Debug */,
				04E1292F247A1DDF000C5F60 /* Release */,
			);
			defaultConfigurationIsVisible = 0;
			defaultConfigurationName = Release;
		};
		04E12935247A1DDF000C5F60 /* Build configuration list for PBXNativeTarget "UDPlayerExampleTests" */ = {
			isa = XCConfigurationList;
			buildConfigurations = (
				04E12930247A1DDF000C5F60 /* Debug */,
				04E12931247A1DDF000C5F60 /* Release */,
			);
			defaultConfigurationIsVisible = 0;
			defaultConfigurationName = Release;
		};
		04E12936247A1DDF000C5F60 /* Build configuration list for PBXNativeTarget "UDPlayerExampleUITests" */ = {
			isa = XCConfigurationList;
			buildConfigurations = (
				04E12932247A1DDF000C5F60 /* Debug */,
				04E12933247A1DDF000C5F60 /* Release */,
			);
			defaultConfigurationIsVisible = 0;
			defaultConfigurationName = Release;
		};
/* End XCConfigurationList section */
	};
	rootObject = 04034171247167640093ABBE /* Project object */;
}
